
Microsoft Visual Studio Solution File, Format Version 12.00
# Visual Studio Version 17
VisualStudioVersion = 17.3.32929.385
MinimumVisualStudioVersion = 10.0.40219.1
Project("{FAE04EC0-301F-11D3-BF4B-00C04F79EFBC}") = "BeautySalonMVC", "BeautySalonMVC\BeautySalonMVC.csproj", "{BDF068A3-B745-405F-B648-041069DEBC8A}"
EndProject
Project("{FAE04EC0-301F-11D3-BF4B-00C04F79EFBC}") = "BeautySalonWebApi", "BeautySalonWebApi\BeautySalonWebApi.csproj", "{592B2F4E-3210-4F60-9008-B83BCCD13336}"
EndProject
Project("{FAE04EC0-301F-11D3-BF4B-00C04F79EFBC}") = "BeautySalonTests", "BeautySalonTests\BeautySalonTests.csproj", "{73E55DD8-F321-405A-9A27-B1F9EE8B3B34}"
EndProject
Global
	GlobalSection(SolutionConfigurationPlatforms) = preSolution
		Debug|Any CPU = Debug|Any CPU
		Release|Any CPU = Release|Any CPU
	EndGlobalSection
	GlobalSection(ProjectConfigurationPlatforms) = postSolution
		{BDF068A3-B745-405F-B648-041069DEBC8A}.Debug|Any CPU.ActiveCfg = Debug|Any CPU
		{BDF068A3-B745-405F-B648-041069DEBC8A}.Debug|Any CPU.Build.0 = Debug|Any CPU
		{BDF068A3-B745-405F-B648-041069DEBC8A}.Release|Any CPU.ActiveCfg = Release|Any CPU
		{BDF068A3-B745-405F-B648-041069DEBC8A}.Release|Any CPU.Build.0 = Release|Any CPU
		{592B2F4E-3210-4F60-9008-B83BCCD13336}.Debug|Any CPU.ActiveCfg = Debug|Any CPU
		{592B2F4E-3210-4F60-9008-B83BCCD13336}.Debug|Any CPU.Build.0 = Debug|Any CPU
		{592B2F4E-3210-4F60-9008-B83BCCD13336}.Release|Any CPU.ActiveCfg = Release|Any CPU
		{592B2F4E-3210-4F60-9008-B83BCCD13336}.Release|Any CPU.Build.0 = Release|Any CPU
		{73E55DD8-F321-405A-9A27-B1F9EE8B3B34}.Debug|Any CPU.ActiveCfg = Debug|Any CPU
		{73E55DD8-F321-405A-9A27-B1F9EE8B3B34}.Debug|Any CPU.Build.0 = Debug|Any CPU
		{73E55DD8-F321-405A-9A27-B1F9EE8B3B34}.Release|Any CPU.ActiveCfg = Release|Any CPU
		{73E55DD8-F321-405A-9A27-B1F9EE8B3B34}.Release|Any CPU.Build.0 = Release|Any CPU
	EndGlobalSection
	GlobalSection(SolutionProperties) = preSolution
		HideSolutionNode = FALSE
	EndGlobalSection
	GlobalSection(ExtensibilityGlobals) = postSolution
		SolutionGuid = {B17B7A57-81C4-41C6-BFCD-0B3A37E55664}
	EndGlobalSection
EndGlobal
